
Microsoft Visual Studio Solution File, Format Version 12.00
# Visual Studio Version 17
VisualStudioVersion = 17.3.32929.385
MinimumVisualStudioVersion = 10.0.40219.1
Project("{FAE04EC0-301F-11D3-BF4B-00C04F79EFBC}") = "Student", "Student\Student.csproj", "{67DD31B4-B811-4AEF-99FF-C22EF9804439}"
EndProject
Global
	GlobalSection(SolutionConfigurationPlatforms) = preSolution
		Debug|Any CPU = Debug|Any CPU
		Release|Any CPU = Release|Any CPU
	EndGlobalSection
	GlobalSection(ProjectConfigurationPlatforms) = postSolution
		{67DD31B4-B811-4AEF-99FF-C22EF9804439}.Debug|Any CPU.ActiveCfg = Debug|Any CPU
		{67DD31B4-B811-4AEF-99FF-C22EF9804439}.Debug|Any CPU.Build.0 = Debug|Any CPU
		{67DD31B4-B811-4AEF-99FF-C22EF9804439}.Release|Any CPU.ActiveCfg = Release|Any CPU
		{67DD31B4-B811-4AEF-99FF-C22EF9804439}.Release|Any CPU.Build.0 = Release|Any CPU
	EndGlobalSection
	GlobalSection(SolutionProperties) = preSolution
		HideSolutionNode = FALSE
	EndGlobalSection
	GlobalSection(ExtensibilityGlobals) = postSolution
		SolutionGuid = {388570E6-0695-445D-9AC1-B25D6C4E06B3}
	EndGlobalSection
EndGlobal
